<Solution>
  <Folder Name="/documentation/">
    <File Path="documentation/Internal.md" />
    <File Path="README.md" />
  </Folder>
  <Folder Name="/Elementos de la solución/">
    <File Path="Directory.Build.props" />
  </Folder>
  <Folder Name="/source/">
    <Project Path="EBOS.CRM.Api/EBOS.CRM.Api.csproj" Id="b94674de-a33b-4841-b1af-7cfbd17e3871" />
    <Project Path="EBOS.CRM.Application/EBOS.CRM.Application.csproj" Id="50f27c0c-df4e-42fd-b7e3-1626584a71ac" />
    <Project Path="EBOS.CRM.Domain/EBOS.CRM.Domain.csproj" Id="4bcb3304-c991-474f-8e08-c52a33e7beeb" />
    <Project Path="EBOS.CRM.Infrastructure/EBOS.CRM.Infrastructure.csproj" Id="87da3024-eb11-41d6-8937-a0b2862b76c8" />
  </Folder>
  <Folder Name="/tests/">
    <Project Path="tests/EBOS.CRM.Api.IntegrationTests/EBOS.CRM.Api.IntegrationTests.csproj" Id="700f001d-2bd3-47c5-b4ed-81b948294a48" />
    <Project Path="tests/EBOS.CRM.ApiTests/EBOS.CRM.ApiTests.csproj" Id="be986542-7412-4716-8286-ac592b08df3b" />
  </Folder>
</Solution>
