<Solution>
  <Folder Name="/documentation/">
    <File Path="documentation/AGENTS.md" />
    <File Path="documentation/AGENTS_ES.md" />
    <File Path="documentation/Authentication_Oidc.md" />
    <File Path="documentation/Authentication_Oidc_ES.md" />
    <File Path="documentation/BRANCH_PROTECTION.md" />
    <File Path="documentation/Contributing.md" />
    <File Path="documentation/Code of conduct.md" />
    <File Path="documentation/Internal.md" />
    <File Path="documentation/Internal_ES.md" />
    <File Path="documentation/Roadmap.md" />
    <File Path="documentation/Roadmap_ES.md" />
  </Folder>

  <Folder Name="/documentation/CI/">
    <File Path="documentation/ci/set-branch-protection.ps1" />
    <File Path="documentation/ci/set-branch-protection.sh" />
  </Folder>

  <Folder Name="/documentation/Features/">
    <File Path="documentation/Features/Features.md" />
    <File Path="documentation/Features/Features_ES.md" />
  </Folder>
  
  <Folder Name="/documentation/Features/Backlogs/">
    <File Path="documentation/Features/Backlogs/Customer-360-Backlog.md" />
    <File Path="documentation/Features/Backlogs/Customer-360-Backlog_ES.md" />
    <File Path="documentation/Features/Backlogs/Multi-Tenant-Governance.md" />
    <File Path="documentation/Features/Backlogs/Multi-Tenant-Governance_ES.md" />
    <File Path="documentation/Features/Backlogs/Observability-Backlog.md" />
    <File Path="documentation/Features/Backlogs/Observability-Backlog_ES.md" />
    <File Path="documentation/Features/Backlogs/Sales-MVP-Backlog.md" />
    <File Path="documentation/Features/Backlogs/Sales-MVP-Backlog_ES.md" />
    <File Path="documentation/Features/Backlogs/Service-MVP-Backlog.md" />
    <File Path="documentation/Features/Backlogs/Service-MVP-Backlog_ES.md" />
  </Folder>

  <Folder Name="/documentation/Observability/">
    <File Path="documentation/Observability/README.md" />
    <File Path="documentation/Observability/README_ES.md" />
  </Folder>

  <Folder Name="/documentation/RunBooks/" />
  <Folder Name="/documentation/RunBooks/Customer360/">
    <File Path="documentation/RunBooks/Customer360/Customer360-Drill-Record-Template.md" />
    <File Path="documentation/RunBooks/Customer360/Customer360-Drill-Record-Template_ES.md" />
    <File Path="documentation/RunBooks/Customer360/Customer360-Operability-RunBook.md" />
    <File Path="documentation/RunBooks/Customer360/Customer360-Operability-RunBook_ES.md" />
    <File Path="documentation/RunBooks/Customer360/Customer360-PostDeploy-Checklist.md" />
    <File Path="documentation/RunBooks/Customer360/Customer360-PostDeploy-Checklist_ES.md" />
  </Folder>
  <Folder Name="/documentation/RunBooks/Observability/">
    <File Path="documentation/RunBooks/Observability/Observability-Drill-Record-Template.md" />
    <File Path="documentation/RunBooks/Observability/Observability-Drill-Record-Template_ES.md" />
    <File Path="documentation/RunBooks/Observability/Observability-Operability-RunBook.md" />
    <File Path="documentation/RunBooks/Observability/Observability-Operability-RunBook_ES.md" />
    <File Path="documentation/RunBooks/Observability/Observability-PostDeploy-Checklist.md" />
    <File Path="documentation/RunBooks/Observability/Observability-PostDeploy-Checklist_ES.md" />
  </Folder>
  
  <Folder Name="/documentation/RunBooks/Drills/">
    <File Path="documentation/RunBooks/Drills/README.md" />
  </Folder>
  <Folder Name="/documentation/RunBooks/Drills/Customer360/" >
    <File Path="documentation/RunBooks/Drills/Customer360/Customer360-Drill-Execution-Template.md" />
    <File Path="documentation/RunBooks/Drills/Customer360/Customer360-Drill-Execution-Template_ES.md" />
  </Folder>
  <Folder Name="/documentation/RunBooks/Drills/Observability/" >
    <File Path="documentation/RunBooks/Drills/Observability/Observability-Drill-Execution-Template.md" />
    <File Path="documentation/RunBooks/Drills/Observability/Observability-Drill-Execution-Template_ES.md" />
  </Folder>

  <Folder Name="/documentation/RunBooks/Drills/Records/" />
  <Folder Name="/documentation/RunBooks/Drills/Records/Customer360/">
    <File Path="documentation/RunBooks/Drills/Records/Customer360/2026-03-C360-DRILL-MONTHLY-OUTBOX-001.md" />
    <File Path="documentation/RunBooks/Drills/Records/Customer360/2026-Q1-C360-DRILL-QUARTERLY-ALERT-ROUTING-001.md" />
    <File Path="documentation/RunBooks/Drills/Records/Customer360/2026-Q1-C360-DRILL-QUARTERLY-MIGRATION-ROLLBACK-001.md" />
  </Folder>
  <Folder Name="/documentation/RunBooks/Drills/Records/Observability/" />

  <Folder Name="/documentation/RunBooks/Drills/Records_ES/" />
  <Folder Name="/documentation/RunBooks/Drills/Records_ES/Customer360/">
    <File Path="documentation/RunBooks/Drills/Records_ES/Customer360/2026-03-C360-DRILL-MENSUAL-OUTBOX-001.md" />
    <File Path="documentation/RunBooks/Drills/Records_ES/Customer360/2026-Q1-C360-DRILL-TRIMESTRAL-ALERT-ROUTING-001.md" />
    <File Path="documentation/RunBooks/Drills/Records_ES/Customer360/2026-Q1-C360-DRILL-TRIMESTRAL-MIGRACION-ROLLBACK-001.md" />
  </Folder>
  <Folder Name="/documentation/RunBooks/Drills/Records_ES/Observability/" />

  <Folder Name="/Elementos de la solución/">
    <File Path="Directory.Build.props" />
    <File Path="NuGet.config" />
    <File Path=".gitignore" />
    <File Path="LICENSE" />
    <File Path="README.md" />
    <File Path="README_ES.md" />
  </Folder>
  
  <Folder Name="/Elementos de la solución/.github/">
    <File Path=".github/CODEOWNERS" />
  </Folder>
  
  <Folder Name="/Elementos de la solución/.github/workflows/">
    <File Path=".github/workflows/customer360-suites-ci.yml" />
    <File Path=".github/workflows/observability-ci.yml" />
    <File Path=".github/workflows/openapi-compatibility-gate.yml" />
    <File Path=".github/workflows/validate-branch-protection.yml" />
    <File Path=".github/workflows/WFProtectBranchMain.yml" />
  </Folder>
  
  <Folder Name="/Elementos de la solución/Observability/">
    <File Path="documentation/Observability/.env.alerting" />
    <File Path="documentation/Observability/docker-compose.observability.yml" />
    <File Path="documentation/Observability/start-observability.ps1" />
    <File Path="documentation/Observability/start-observability.sh" />
  </Folder>

  <Folder Name="/Elementos de la solución/Observability/CI/">
    <File Path="documentation/Observability/ci/smoke-observability.sh" />
    <File Path="documentation/Observability/ci/validate-dashboard.py" />
    <File Path="documentation/Observability/ci/validate-observability.sh" />
  </Folder>
  
  <Folder Name="/Elementos de la solución/Observability/Grafana/">
    <File Path="documentation/Observability/grafana/customer360-operability-dashboard.json" />
  </Folder>
  
  <Folder Name="/Elementos de la solución/Observability/Grafana/Provisioning/" />
  
  <Folder Name="/Elementos de la solución/Observability/Grafana/Provisioning/Dashboards/">
    <File Path="documentation/Observability/grafana/provisioning/dashboards/dashboards.yml" />
  </Folder>
  
  <Folder Name="/Elementos de la solución/Observability/Grafana/Provisioning/Datasources/">
    <File Path="documentation/Observability/grafana/provisioning/datasources/datasource.yml" />
  </Folder>

  <Folder Name="/Elementos de la solución/Observability/Prometheus/">
    <File Path="documentation/Observability/prometheus/alertmanager.yml" />
    <File Path="documentation/Observability/prometheus/customer360-alert-rules.yml" />
    <File Path="documentation/Observability/prometheus/prometheus.yml" />
  </Folder>

  <Folder Name="/Elementos de la solución/Scripts/">
    <File Path="scripts/Protect-GitHubBranches.ps1" />
    <File Path="scripts/Protect-GitHubBranches.sh" /> 
  </Folder>

  <Folder Name="/source/">
    <Project Path="EBOS.CRM.Api/EBOS.CRM.Api.csproj" />
    <Project Path="EBOS.CRM.Application/EBOS.CRM.Application.csproj" />
    <Project Path="EBOS.CRM.Contracts/EBOS.CRM.Contracts.csproj" />
    <Project Path="EBOS.CRM.Domain/EBOS.CRM.Domain.csproj" />
    <Project Path="EBOS.CRM.Infrastructure/EBOS.CRM.Infrastructure.csproj" />
  </Folder>
  <Folder Name="/tests/">
    <Project Path="tests/EBOS.CRM.ApiTests/EBOS.CRM.ApiTests.csproj" />
    <Project Path="tests/EBOS.CRM.ConcurrencyTests/EBOS.CRM.ConcurrencyTests.csproj" />
    <Project Path="tests/EBOS.CRM.IntegrationTests/EBOS.CRM.IntegrationTests.csproj" />
    <Project Path="tests/EBOS.CRM.StressTests/EBOS.CRM.StressTests.csproj" />
  </Folder>
</Solution>
